// !$*UTF8*$!
{
	archiveVersion = 1;
	classes = {
	};
	objectVersion = 56;
	objects = {

/* Begin PBXBuildFile section */
		F91F3E7428D9C85400727FFB /* DailyForecastView.swift in Sources */ = {isa = PBXBuildFile; fileRef = F91F3E7328D9C85400727FFB /* DailyForecastView.swift */; };
		F91F3E7628D9C89C00727FFB /* CityAndTemperatureView.swift in Sources */ = {isa = PBXBuildFile; fileRef = F91F3E7528D9C89C00727FFB /* CityAndTemperatureView.swift */; };
		F91F3E7828D9CBD000727FFB /* NoInternetConnectionView.swift in Sources */ = {isa = PBXBuildFile; fileRef = F91F3E7728D9CBD000727FFB /* NoInternetConnectionView.swift */; };
		F91F3E7D28D9CCC100727FFB /* ContentViewViewModel.swift in Sources */ = {isa = PBXBuildFile; fileRef = F91F3E7C28D9CCC100727FFB /* ContentViewViewModel.swift */; };
		F91F3E8228D9EE5A00727FFB /* HourlyForecastView.swift in Sources */ = {isa = PBXBuildFile; fileRef = F91F3E8128D9EE5A00727FFB /* HourlyForecastView.swift */; };
		F925B87C28C9E46F0095D715 /* DoubleExtansion.swift in Sources */ = {isa = PBXBuildFile; fileRef = F925B87B28C9E46F0095D715 /* DoubleExtansion.swift */; };
		F925B87E28C9FDF00095D715 /* DateExtension.swift in Sources */ = {isa = PBXBuildFile; fileRef = F925B87D28C9FDF00095D715 /* DateExtension.swift */; };
		F925B88028D37D370095D715 /* TemperatureBarView.swift in Sources */ = {isa = PBXBuildFile; fileRef = F925B87F28D37D370095D715 /* TemperatureBarView.swift */; };
		F925B88228D746C00095D715 /* NetworkMonitor.swift in Sources */ = {isa = PBXBuildFile; fileRef = F925B88128D746C00095D715 /* NetworkMonitor.swift */; };
		F9D022B628DA6CB700A167BC /* README.md in Resources */ = {isa = PBXBuildFile; fileRef = F9D022B528DA6CB700A167BC /* README.md */; };
		F9D022B828DA6E9000A167BC /* screenshots.PNG in Resources */ = {isa = PBXBuildFile; fileRef = F9D022B728DA6E9000A167BC /* screenshots.PNG */; };
		F9F1BC1D28C66E7800E246F1 /* WeatherKitAppApp.swift in Sources */ = {isa = PBXBuildFile; fileRef = F9F1BC1C28C66E7800E246F1 /* WeatherKitAppApp.swift */; };
		F9F1BC1F28C66E7800E246F1 /* ContentView.swift in Sources */ = {isa = PBXBuildFile; fileRef = F9F1BC1E28C66E7800E246F1 /* ContentView.swift */; };
		F9F1BC2128C66E7900E246F1 /* Assets.xcassets in Resources */ = {isa = PBXBuildFile; fileRef = F9F1BC2028C66E7900E246F1 /* Assets.xcassets */; };
		F9F1BC2528C66E7900E246F1 /* Preview Assets.xcassets in Resources */ = {isa = PBXBuildFile; fileRef = F9F1BC2428C66E7900E246F1 /* Preview Assets.xcassets */; };
		F9F1BC2C28C6799D00E246F1 /* WeatherManager.swift in Sources */ = {isa = PBXBuildFile; fileRef = F9F1BC2B28C6799D00E246F1 /* WeatherManager.swift */; };
		F9F1BC2E28C67C0B00E246F1 /* LocationManager.swift in Sources */ = {isa = PBXBuildFile; fileRef = F9F1BC2D28C67C0B00E246F1 /* LocationManager.swift */; };
/* End PBXBuildFile section */

/* Begin PBXFileReference section */
		F91F3E7328D9C85400727FFB /* DailyForecastView.swift */ = {isa = PBXFileReference; lastKnownFileType = sourcecode.swift; path = DailyForecastView.swift; sourceTree = "<group>"; };
		F91F3E7528D9C89C00727FFB /* CityAndTemperatureView.swift */ = {isa = PBXFileReference; lastKnownFileType = sourcecode.swift; path = CityAndTemperatureView.swift; sourceTree = "<group>"; };
		F91F3E7728D9CBD000727FFB /* NoInternetConnectionView.swift */ = {isa = PBXFileReference; lastKnownFileType = sourcecode.swift; path = NoInternetConnectionView.swift; sourceTree = "<group>"; };
		F91F3E7C28D9CCC100727FFB /* ContentViewViewModel.swift */ = {isa = PBXFileReference; lastKnownFileType = sourcecode.swift; path = ContentViewViewModel.swift; sourceTree = "<group>"; };
		F91F3E8128D9EE5A00727FFB /* HourlyForecastView.swift */ = {isa = PBXFileReference; lastKnownFileType = sourcecode.swift; path = HourlyForecastView.swift; sourceTree = "<group>"; };
		F925B87B28C9E46F0095D715 /* DoubleExtansion.swift */ = {isa = PBXFileReference; lastKnownFileType = sourcecode.swift; path = DoubleExtansion.swift; sourceTree = "<group>"; };
		F925B87D28C9FDF00095D715 /* DateExtension.swift */ = {isa = PBXFileReference; lastKnownFileType = sourcecode.swift; path = DateExtension.swift; sourceTree = "<group>"; };
		F925B87F28D37D370095D715 /* TemperatureBarView.swift */ = {isa = PBXFileReference; lastKnownFileType = sourcecode.swift; path = TemperatureBarView.swift; sourceTree = "<group>"; };
		F925B88128D746C00095D715 /* NetworkMonitor.swift */ = {isa = PBXFileReference; lastKnownFileType = sourcecode.swift; path = NetworkMonitor.swift; sourceTree = "<group>"; };
		F9D022B528DA6CB700A167BC /* README.md */ = {isa = PBXFileReference; lastKnownFileType = net.daringfireball.markdown; name = README.md; path = WeatherKitApp/SupportFiles/README.md; sourceTree = SOURCE_ROOT; };
		F9D022B728DA6E9000A167BC /* screenshots.PNG */ = {isa = PBXFileReference; lastKnownFileType = image.png; name = screenshots.PNG; path = ../../../../../Downloads/screenshots.PNG; sourceTree = "<group>"; };
		F9F1BC1928C66E7800E246F1 /* WeatherKitApp.app */ = {isa = PBXFileReference; explicitFileType = wrapper.application; includeInIndex = 0; path = WeatherKitApp.app; sourceTree = BUILT_PRODUCTS_DIR; };
		F9F1BC1C28C66E7800E246F1 /* WeatherKitAppApp.swift */ = {isa = PBXFileReference; lastKnownFileType = sourcecode.swift; path = WeatherKitAppApp.swift; sourceTree = "<group>"; };
		F9F1BC1E28C66E7800E246F1 /* ContentView.swift */ = {isa = PBXFileReference; lastKnownFileType = sourcecode.swift; path = ContentView.swift; sourceTree = "<group>"; };
		F9F1BC2028C66E7900E246F1 /* Assets.xcassets */ = {isa = PBXFileReference; lastKnownFileType = folder.assetcatalog; path = Assets.xcassets; sourceTree = "<group>"; };
		F9F1BC2228C66E7900E246F1 /* WeatherKitApp.entitlements */ = {isa = PBXFileReference; lastKnownFileType = text.plist.entitlements; path = WeatherKitApp.entitlements; sourceTree = "<group>"; };
		F9F1BC2428C66E7900E246F1 /* Preview Assets.xcassets */ = {isa = PBXFileReference; lastKnownFileType = folder.assetcatalog; path = "Preview Assets.xcassets"; sourceTree = "<group>"; };
		F9F1BC2B28C6799D00E246F1 /* WeatherManager.swift */ = {isa = PBXFileReference; lastKnownFileType = sourcecode.swift; path = WeatherManager.swift; sourceTree = "<group>"; };
		F9F1BC2D28C67C0B00E246F1 /* LocationManager.swift */ = {isa = PBXFileReference; lastKnownFileType = sourcecode.swift; path = LocationManager.swift; sourceTree = "<group>"; };
/* End PBXFileReference section */

/* Begin PBXFrameworksBuildPhase section */
		F9F1BC1628C66E7800E246F1 /* Frameworks */ = {
			isa = PBXFrameworksBuildPhase;
			buildActionMask = 2147483647;
			files = (
			);
			runOnlyForDeploymentPostprocessing = 0;
		};
/* End PBXFrameworksBuildPhase section */

/* Begin PBXGroup section */
		F91F3E7928D9CBEB00727FFB /* Views */ = {
			isa = PBXGroup;
			children = (
				F9F1BC1E28C66E7800E246F1 /* ContentView.swift */,
				F91F3E7528D9C89C00727FFB /* CityAndTemperatureView.swift */,
				F91F3E8128D9EE5A00727FFB /* HourlyForecastView.swift */,
				F91F3E7328D9C85400727FFB /* DailyForecastView.swift */,
				F925B87F28D37D370095D715 /* TemperatureBarView.swift */,
				F91F3E7728D9CBD000727FFB /* NoInternetConnectionView.swift */,
			);
			path = Views;
			sourceTree = "<group>";
		};
		F91F3E7A28D9CC0600727FFB /* Managers */ = {
			isa = PBXGroup;
			children = (
				F9F1BC2B28C6799D00E246F1 /* WeatherManager.swift */,
				F925B88128D746C00095D715 /* NetworkMonitor.swift */,
				F9F1BC2D28C67C0B00E246F1 /* LocationManager.swift */,
			);
			path = Managers;
			sourceTree = "<group>";
		};
		F91F3E7B28D9CC1400727FFB /* SupportFiles */ = {
			isa = PBXGroup;
			children = (
				F925B87B28C9E46F0095D715 /* DoubleExtansion.swift */,
				F925B87D28C9FDF00095D715 /* DateExtension.swift */,
				F9D022B528DA6CB700A167BC /* README.md */,
				F9D022B728DA6E9000A167BC /* screenshots.PNG */,
			);
			path = SupportFiles;
			sourceTree = "<group>";
		};
		F91F3E7E28D9CCE100727FFB /* ViewModels */ = {
			isa = PBXGroup;
			children = (
				F91F3E7C28D9CCC100727FFB /* ContentViewViewModel.swift */,
			);
			path = ViewModels;
			sourceTree = "<group>";
		};
		F9F1BC1028C66E7800E246F1 = {
			isa = PBXGroup;
			children = (
				F9F1BC1B28C66E7800E246F1 /* WeatherKitApp */,
				F9F1BC1A28C66E7800E246F1 /* Products */,
			);
			sourceTree = "<group>";
		};
		F9F1BC1A28C66E7800E246F1 /* Products */ = {
			isa = PBXGroup;
			children = (
				F9F1BC1928C66E7800E246F1 /* WeatherKitApp.app */,
			);
			name = Products;
			sourceTree = "<group>";
		};
		F9F1BC1B28C66E7800E246F1 /* WeatherKitApp */ = {
			isa = PBXGroup;
			children = (
				F9F1BC1C28C66E7800E246F1 /* WeatherKitAppApp.swift */,
				F91F3E7E28D9CCE100727FFB /* ViewModels */,
				F91F3E7928D9CBEB00727FFB /* Views */,
				F91F3E7A28D9CC0600727FFB /* Managers */,
				F91F3E7B28D9CC1400727FFB /* SupportFiles */,
				F9F1BC2028C66E7900E246F1 /* Assets.xcassets */,
				F9F1BC2228C66E7900E246F1 /* WeatherKitApp.entitlements */,
				F9F1BC2328C66E7900E246F1 /* Preview Content */,
			);
			path = WeatherKitApp;
			sourceTree = "<group>";
		};
		F9F1BC2328C66E7900E246F1 /* Preview Content */ = {
			isa = PBXGroup;
			children = (
				F9F1BC2428C66E7900E246F1 /* Preview Assets.xcassets */,
			);
			path = "Preview Content";
			sourceTree = "<group>";
		};
/* End PBXGroup section */

/* Begin PBXNativeTarget section */
		F9F1BC1828C66E7800E246F1 /* WeatherKitApp */ = {
			isa = PBXNativeTarget;
			buildConfigurationList = F9F1BC2828C66E7900E246F1 /* Build configuration list for PBXNativeTarget "WeatherKitApp" */;
			buildPhases = (
				F9F1BC1528C66E7800E246F1 /* Sources */,
				F9F1BC1628C66E7800E246F1 /* Frameworks */,
				F9F1BC1728C66E7800E246F1 /* Resources */,
			);
			buildRules = (
			);
			dependencies = (
			);
			name = WeatherKitApp;
			productName = WeatherKitApp;
			productReference = F9F1BC1928C66E7800E246F1 /* WeatherKitApp.app */;
			productType = "com.apple.product-type.application";
		};
/* End PBXNativeTarget section */

/* Begin PBXProject section */
		F9F1BC1128C66E7800E246F1 /* Project object */ = {
			isa = PBXProject;
			attributes = {
				BuildIndependentTargetsInParallel = 1;
				LastSwiftUpdateCheck = 1400;
				LastUpgradeCheck = 1400;
				TargetAttributes = {
					F9F1BC1828C66E7800E246F1 = {
						CreatedOnToolsVersion = 14.0;
					};
				};
			};
			buildConfigurationList = F9F1BC1428C66E7800E246F1 /* Build configuration list for PBXProject "WeatherKitApp" */;
			compatibilityVersion = "Xcode 14.0";
			developmentRegion = en;
			hasScannedForEncodings = 0;
			knownRegions = (
				en,
				Base,
			);
			mainGroup = F9F1BC1028C66E7800E246F1;
			productRefGroup = F9F1BC1A28C66E7800E246F1 /* Products */;
			projectDirPath = "";
			projectRoot = "";
			targets = (
				F9F1BC1828C66E7800E246F1 /* WeatherKitApp */,
			);
		};
/* End PBXProject section */

/* Begin PBXResourcesBuildPhase section */
		F9F1BC1728C66E7800E246F1 /* Resources */ = {
			isa = PBXResourcesBuildPhase;
			buildActionMask = 2147483647;
			files = (
				F9D022B628DA6CB700A167BC /* README.md in Resources */,
				F9F1BC2528C66E7900E246F1 /* Preview Assets.xcassets in Resources */,
				F9F1BC2128C66E7900E246F1 /* Assets.xcassets in Resources */,
				F9D022B828DA6E9000A167BC /* screenshots.PNG in Resources */,
			);
			runOnlyForDeploymentPostprocessing = 0;
		};
/* End PBXResourcesBuildPhase section */

/* Begin PBXSourcesBuildPhase section */
		F9F1BC1528C66E7800E246F1 /* Sources */ = {
			isa = PBXSourcesBuildPhase;
			buildActionMask = 2147483647;
			files = (
				F91F3E7428D9C85400727FFB /* DailyForecastView.swift in Sources */,
				F9F1BC2E28C67C0B00E246F1 /* LocationManager.swift in Sources */,
				F925B88228D746C00095D715 /* NetworkMonitor.swift in Sources */,
				F925B88028D37D370095D715 /* TemperatureBarView.swift in Sources */,
				F91F3E7628D9C89C00727FFB /* CityAndTemperatureView.swift in Sources */,
				F925B87E28C9FDF00095D715 /* DateExtension.swift in Sources */,
				F9F1BC2C28C6799D00E246F1 /* WeatherManager.swift in Sources */,
				F91F3E7828D9CBD000727FFB /* NoInternetConnectionView.swift in Sources */,
				F925B87C28C9E46F0095D715 /* DoubleExtansion.swift in Sources */,
				F9F1BC1F28C66E7800E246F1 /* ContentView.swift in Sources */,
				F91F3E8228D9EE5A00727FFB /* HourlyForecastView.swift in Sources */,
				F9F1BC1D28C66E7800E246F1 /* WeatherKitAppApp.swift in Sources */,
				F91F3E7D28D9CCC100727FFB /* ContentViewViewModel.swift in Sources */,
			);
			runOnlyForDeploymentPostprocessing = 0;
		};
/* End PBXSourcesBuildPhase section */

/* Begin XCBuildConfiguration section */
		F9F1BC2628C66E7900E246F1 /* Debug */ = {
			isa = XCBuildConfiguration;
			buildSettings = {
				ALWAYS_SEARCH_USER_PATHS = NO;
				CLANG_ANALYZER_NONNULL = YES;
				CLANG_ANALYZER_NUMBER_OBJECT_CONVERSION = YES_AGGRESSIVE;
				CLANG_CXX_LANGUAGE_STANDARD = "gnu++20";
				CLANG_ENABLE_MODULES = YES;
				CLANG_ENABLE_OBJC_ARC = YES;
				CLANG_ENABLE_OBJC_WEAK = YES;
				CLANG_WARN_BLOCK_CAPTURE_AUTORELEASING = YES;
				CLANG_WARN_BOOL_CONVERSION = YES;
				CLANG_WARN_COMMA = YES;
				CLANG_WARN_CONSTANT_CONVERSION = YES;
				CLANG_WARN_DEPRECATED_OBJC_IMPLEMENTATIONS = YES;
				CLANG_WARN_DIRECT_OBJC_ISA_USAGE = YES_ERROR;
				CLANG_WARN_DOCUMENTATION_COMMENTS = YES;
				CLANG_WARN_EMPTY_BODY = YES;
				CLANG_WARN_ENUM_CONVERSION = YES;
				CLANG_WARN_INFINITE_RECURSION = YES;
				CLANG_WARN_INT_CONVERSION = YES;
				CLANG_WARN_NON_LITERAL_NULL_CONVERSION = YES;
				CLANG_WARN_OBJC_IMPLICIT_RETAIN_SELF = YES;
				CLANG_WARN_OBJC_LITERAL_CONVERSION = YES;
				CLANG_WARN_OBJC_ROOT_CLASS = YES_ERROR;
				CLANG_WARN_QUOTED_INCLUDE_IN_FRAMEWORK_HEADER = YES;
				CLANG_WARN_RANGE_LOOP_ANALYSIS = YES;
				CLANG_WARN_STRICT_PROTOTYPES = YES;
				CLANG_WARN_SUSPICIOUS_MOVE = YES;
				CLANG_WARN_UNGUARDED_AVAILABILITY = YES_AGGRESSIVE;
				CLANG_WARN_UNREACHABLE_CODE = YES;
				CLANG_WARN__DUPLICATE_METHOD_MATCH = YES;
				COPY_PHASE_STRIP = NO;
				DEBUG_INFORMATION_FORMAT = dwarf;
				ENABLE_STRICT_OBJC_MSGSEND = YES;
				ENABLE_TESTABILITY = YES;
				GCC_C_LANGUAGE_STANDARD = gnu11;
				GCC_DYNAMIC_NO_PIC = NO;
				GCC_NO_COMMON_BLOCKS = YES;
				GCC_OPTIMIZATION_LEVEL = 0;
				GCC_PREPROCESSOR_DEFINITIONS = (
					"DEBUG=1",
					"$(inherited)",
				);
				GCC_WARN_64_TO_32_BIT_CONVERSION = YES;
				GCC_WARN_ABOUT_RETURN_TYPE = YES_ERROR;
				GCC_WARN_UNDECLARED_SELECTOR = YES;
				GCC_WARN_UNINITIALIZED_AUTOS = YES_AGGRESSIVE;
				GCC_WARN_UNUSED_FUNCTION = YES;
				GCC_WARN_UNUSED_VARIABLE = YES;
				MTL_ENABLE_DEBUG_INFO = INCLUDE_SOURCE;
				MTL_FAST_MATH = YES;
				ONLY_ACTIVE_ARCH = YES;
				SWIFT_ACTIVE_COMPILATION_CONDITIONS = DEBUG;
				SWIFT_OPTIMIZATION_LEVEL = "-Onone";
			};
			name = Debug;
		};
		F9F1BC2728C66E7900E246F1 /* Release */ = {
			isa = XCBuildConfiguration;
			buildSettings = {
				ALWAYS_SEARCH_USER_PATHS = NO;
				CLANG_ANALYZER_NONNULL = YES;
				CLANG_ANALYZER_NUMBER_OBJECT_CONVERSION = YES_AGGRESSIVE;
				CLANG_CXX_LANGUAGE_STANDARD = "gnu++20";
				CLANG_ENABLE_MODULES = YES;
				CLANG_ENABLE_OBJC_ARC = YES;
				CLANG_ENABLE_OBJC_WEAK = YES;
				CLANG_WARN_BLOCK_CAPTURE_AUTORELEASING = YES;
				CLANG_WARN_BOOL_CONVERSION = YES;
				CLANG_WARN_COMMA = YES;
				CLANG_WARN_CONSTANT_CONVERSION = YES;
				CLANG_WARN_DEPRECATED_OBJC_IMPLEMENTATIONS = YES;
				CLANG_WARN_DIRECT_OBJC_ISA_USAGE = YES_ERROR;
				CLANG_WARN_DOCUMENTATION_COMMENTS = YES;
				CLANG_WARN_EMPTY_BODY = YES;
				CLANG_WARN_ENUM_CONVERSION = YES;
				CLANG_WARN_INFINITE_RECURSION = YES;
				CLANG_WARN_INT_CONVERSION = YES;
				CLANG_WARN_NON_LITERAL_NULL_CONVERSION = YES;
				CLANG_WARN_OBJC_IMPLICIT_RETAIN_SELF = YES;
				CLANG_WARN_OBJC_LITERAL_CONVERSION = YES;
				CLANG_WARN_OBJC_ROOT_CLASS = YES_ERROR;
				CLANG_WARN_QUOTED_INCLUDE_IN_FRAMEWORK_HEADER = YES;
				CLANG_WARN_RANGE_LOOP_ANALYSIS = YES;
				CLANG_WARN_STRICT_PROTOTYPES = YES;
				CLANG_WARN_SUSPICIOUS_MOVE = YES;
				CLANG_WARN_UNGUARDED_AVAILABILITY = YES_AGGRESSIVE;
				CLANG_WARN_UNREACHABLE_CODE = YES;
				CLANG_WARN__DUPLICATE_METHOD_MATCH = YES;
				COPY_PHASE_STRIP = NO;
				DEBUG_INFORMATION_FORMAT = "dwarf-with-dsym";
				ENABLE_NS_ASSERTIONS = NO;
				ENABLE_STRICT_OBJC_MSGSEND = YES;
				GCC_C_LANGUAGE_STANDARD = gnu11;
				GCC_NO_COMMON_BLOCKS = YES;
				GCC_WARN_64_TO_32_BIT_CONVERSION = YES;
				GCC_WARN_ABOUT_RETURN_TYPE = YES_ERROR;
				GCC_WARN_UNDECLARED_SELECTOR = YES;
				GCC_WARN_UNINITIALIZED_AUTOS = YES_AGGRESSIVE;
				GCC_WARN_UNUSED_FUNCTION = YES;
				GCC_WARN_UNUSED_VARIABLE = YES;
				MTL_ENABLE_DEBUG_INFO = NO;
				MTL_FAST_MATH = YES;
				SWIFT_COMPILATION_MODE = wholemodule;
				SWIFT_OPTIMIZATION_LEVEL = "-O";
			};
			name = Release;
		};
		F9F1BC2928C66E7900E246F1 /* Debug */ = {
			isa = XCBuildConfiguration;
			buildSettings = {
				ASSETCATALOG_COMPILER_APPICON_NAME = AppIcon;
				ASSETCATALOG_COMPILER_GLOBAL_ACCENT_COLOR_NAME = AccentColor;
				CODE_SIGN_ENTITLEMENTS = WeatherKitApp/WeatherKitApp.entitlements;
				CODE_SIGN_IDENTITY = "Apple Development";
				CODE_SIGN_STYLE = Automatic;
				CURRENT_PROJECT_VERSION = 1;
				DEVELOPMENT_ASSET_PATHS = "\"WeatherKitApp/Preview Content\"";
				DEVELOPMENT_TEAM = 7P7SAEN4YN;
				ENABLE_HARDENED_RUNTIME = YES;
				ENABLE_PREVIEWS = YES;
				GENERATE_INFOPLIST_FILE = YES;
				INFOPLIST_KEY_NSLocationAlwaysAndWhenInUseUsageDescription = "Checking the weather";
				INFOPLIST_KEY_NSLocationAlwaysUsageDescription = "Checking the weather";
				INFOPLIST_KEY_NSLocationWhenInUseUsageDescription = "Checking the weather";
				"INFOPLIST_KEY_UIApplicationSceneManifest_Generation[sdk=iphoneos*]" = YES;
				"INFOPLIST_KEY_UIApplicationSceneManifest_Generation[sdk=iphonesimulator*]" = YES;
				"INFOPLIST_KEY_UIApplicationSupportsIndirectInputEvents[sdk=iphoneos*]" = YES;
				"INFOPLIST_KEY_UIApplicationSupportsIndirectInputEvents[sdk=iphonesimulator*]" = YES;
				"INFOPLIST_KEY_UILaunchScreen_Generation[sdk=iphoneos*]" = YES;
				"INFOPLIST_KEY_UILaunchScreen_Generation[sdk=iphonesimulator*]" = YES;
				INFOPLIST_KEY_UISupportedInterfaceOrientations_iPad = "UIInterfaceOrientationPortrait UIInterfaceOrientationPortraitUpsideDown UIInterfaceOrientationLandscapeLeft UIInterfaceOrientationLandscapeRight";
				INFOPLIST_KEY_UISupportedInterfaceOrientations_iPhone = "UIInterfaceOrientationPortrait UIInterfaceOrientationLandscapeLeft UIInterfaceOrientationLandscapeRight";
				IPHONEOS_DEPLOYMENT_TARGET = 16.0;
				LD_RUNPATH_SEARCH_PATHS = "@executable_path/Frameworks";
				"LD_RUNPATH_SEARCH_PATHS[sdk=macosx*]" = "@executable_path/../Frameworks";
				MACOSX_DEPLOYMENT_TARGET = 12.4;
				MARKETING_VERSION = 1.0;
				PRODUCT_BUNDLE_IDENTIFIER = com.koniecznyjan.WeatherKitApp;
				PRODUCT_NAME = "$(TARGET_NAME)";
				PROVISIONING_PROFILE_SPECIFIER = "";
				SDKROOT = auto;
				SUPPORTED_PLATFORMS = "iphoneos iphonesimulator macosx";
				SWIFT_EMIT_LOC_STRINGS = YES;
				SWIFT_VERSION = 5.0;
				TARGETED_DEVICE_FAMILY = "1,2";
			};
			name = Debug;
		};
		F9F1BC2A28C66E7900E246F1 /* Release */ = {
			isa = XCBuildConfiguration;
			buildSettings = {
				ASSETCATALOG_COMPILER_APPICON_NAME = AppIcon;
				ASSETCATALOG_COMPILER_GLOBAL_ACCENT_COLOR_NAME = AccentColor;
				CODE_SIGN_ENTITLEMENTS = WeatherKitApp/WeatherKitApp.entitlements;
				CODE_SIGN_IDENTITY = "Apple Development";
				CODE_SIGN_STYLE = Automatic;
				CURRENT_PROJECT_VERSION = 1;
				DEVELOPMENT_ASSET_PATHS = "\"WeatherKitApp/Preview Content\"";
				DEVELOPMENT_TEAM = 7P7SAEN4YN;
				ENABLE_HARDENED_RUNTIME = YES;
				ENABLE_PREVIEWS = YES;
				GENERATE_INFOPLIST_FILE = YES;
				INFOPLIST_KEY_NSLocationAlwaysAndWhenInUseUsageDescription = "Checking the weather";
				INFOPLIST_KEY_NSLocationAlwaysUsageDescription = "Checking the weather";
				INFOPLIST_KEY_NSLocationWhenInUseUsageDescription = "Checking the weather";
				"INFOPLIST_KEY_UIApplicationSceneManifest_Generation[sdk=iphoneos*]" = YES;
				"INFOPLIST_KEY_UIApplicationSceneManifest_Generation[sdk=iphonesimulator*]" = YES;
				"INFOPLIST_KEY_UIApplicationSupportsIndirectInputEvents[sdk=iphoneos*]" = YES;
				"INFOPLIST_KEY_UIApplicationSupportsIndirectInputEvents[sdk=iphonesimulator*]" = YES;
				"INFOPLIST_KEY_UILaunchScreen_Generation[sdk=iphoneos*]" = YES;
				"INFOPLIST_KEY_UILaunchScreen_Generation[sdk=iphonesimulator*]" = YES;
				INFOPLIST_KEY_UISupportedInterfaceOrientations_iPad = "UIInterfaceOrientationPortrait UIInterfaceOrientationPortraitUpsideDown UIInterfaceOrientationLandscapeLeft UIInterfaceOrientationLandscapeRight";
				INFOPLIST_KEY_UISupportedInterfaceOrientations_iPhone = "UIInterfaceOrientationPortrait UIInterfaceOrientationLandscapeLeft UIInterfaceOrientationLandscapeRight";
				IPHONEOS_DEPLOYMENT_TARGET = 16.0;
				LD_RUNPATH_SEARCH_PATHS = "@executable_path/Frameworks";
				"LD_RUNPATH_SEARCH_PATHS[sdk=macosx*]" = "@executable_path/../Frameworks";
				MACOSX_DEPLOYMENT_TARGET = 12.4;
				MARKETING_VERSION = 1.0;
				PRODUCT_BUNDLE_IDENTIFIER = com.koniecznyjan.WeatherKitApp;
				PRODUCT_NAME = "$(TARGET_NAME)";
				PROVISIONING_PROFILE_SPECIFIER = "";
				SDKROOT = auto;
				SUPPORTED_PLATFORMS = "iphoneos iphonesimulator macosx";
				SWIFT_EMIT_LOC_STRINGS = YES;
				SWIFT_VERSION = 5.0;
				TARGETED_DEVICE_FAMILY = "1,2";
			};
			name = Release;
		};
/* End XCBuildConfiguration section */

/* Begin XCConfigurationList section */
		F9F1BC1428C66E7800E246F1 /* Build configuration list for PBXProject "WeatherKitApp" */ = {
			isa = XCConfigurationList;
			buildConfigurations = (
				F9F1BC2628C66E7900E246F1 /* Debug */,
				F9F1BC2728C66E7900E246F1 /* Release */,
			);
			defaultConfigurationIsVisible = 0;
			defaultConfigurationName = Release;
		};
		F9F1BC2828C66E7900E246F1 /* Build configuration list for PBXNativeTarget "WeatherKitApp" */ = {
			isa = XCConfigurationList;
			buildConfigurations = (
				F9F1BC2928C66E7900E246F1 /* Debug */,
				F9F1BC2A28C66E7900E246F1 /* Release */,
			);
			defaultConfigurationIsVisible = 0;
			defaultConfigurationName = Release;
		};
/* End XCConfigurationList section */
	};
	rootObject = F9F1BC1128C66E7800E246F1 /* Project object */;
}
